
Microsoft Visual Studio Solution File, Format Version 12.00
# Visual Studio Version 17
VisualStudioVersion = 17.3.32929.385
MinimumVisualStudioVersion = 10.0.40219.1
Project("{9A19103F-16F7-4668-BE54-9A1E7A4F7556}") = "DBSelectionForm", "DBSelectionForm\DBSelectionForm.csproj", "{755C875A-3DF0-4DF0-91A1-E6949652AE04}"
EndProject
Project("{FAE04EC0-301F-11D3-BF4B-00C04F79EFBC}") = "AutoTests", "AutoTests\AutoTests.csproj", "{371F92CF-60FD-4C45-A07C-18B5D8CB9545}"
EndProject
Global
	GlobalSection(SolutionConfigurationPlatforms) = preSolution
		Debug|Any CPU = Debug|Any CPU
		Release|Any CPU = Release|Any CPU
	EndGlobalSection
	GlobalSection(ProjectConfigurationPlatforms) = postSolution
		{755C875A-3DF0-4DF0-91A1-E6949652AE04}.Debug|Any CPU.ActiveCfg = Debug|Any CPU
		{755C875A-3DF0-4DF0-91A1-E6949652AE04}.Debug|Any CPU.Build.0 = Debug|Any CPU
		{755C875A-3DF0-4DF0-91A1-E6949652AE04}.Release|Any CPU.ActiveCfg = Release|Any CPU
		{755C875A-3DF0-4DF0-91A1-E6949652AE04}.Release|Any CPU.Build.0 = Release|Any CPU
		{371F92CF-60FD-4C45-A07C-18B5D8CB9545}.Debug|Any CPU.ActiveCfg = Debug|Any CPU
		{371F92CF-60FD-4C45-A07C-18B5D8CB9545}.Debug|Any CPU.Build.0 = Debug|Any CPU
		{371F92CF-60FD-4C45-A07C-18B5D8CB9545}.Release|Any CPU.ActiveCfg = Release|Any CPU
		{371F92CF-60FD-4C45-A07C-18B5D8CB9545}.Release|Any CPU.Build.0 = Release|Any CPU
	EndGlobalSection
	GlobalSection(SolutionProperties) = preSolution
		HideSolutionNode = FALSE
	EndGlobalSection
	GlobalSection(ExtensibilityGlobals) = postSolution
		SolutionGuid = {8DCA6C2D-6B0E-4456-8B8B-EAC63FE17F71}
	EndGlobalSection
EndGlobal
